
Microsoft Visual Studio Solution File, Format Version 12.00
# Visual Studio 15
VisualStudioVersion = 15.0.26228.9
MinimumVisualStudioVersion = 10.0.40219.1
Project("{FAE04EC0-301F-11D3-BF4B-00C04F79EFBC}") = "GR.Mvc", "GR.Mvc\GR.Mvc.csproj", "{B8D2BF09-592F-45CD-9EBA-D462AB9435F4}"
EndProject
Project("{FAE04EC0-301F-11D3-BF4B-00C04F79EFBC}") = "GR.Repository", "GR.Repository\GR.Repository.csproj", "{2A0277AC-EBE7-46BF-B2FF-1741DF43A0D9}"
EndProject
Project("{FAE04EC0-301F-11D3-BF4B-00C04F79EFBC}") = "GR.Services", "GR.Services\GR.Services.csproj", "{5B87705E-14A1-45F8-9128-A5E5BC903BA0}"
EndProject
Global
	GlobalSection(SolutionConfigurationPlatforms) = preSolution
		Debug|Any CPU = Debug|Any CPU
		Release|Any CPU = Release|Any CPU
	EndGlobalSection
	GlobalSection(ProjectConfigurationPlatforms) = postSolution
		{B8D2BF09-592F-45CD-9EBA-D462AB9435F4}.Debug|Any CPU.ActiveCfg = Debug|Any CPU
		{B8D2BF09-592F-45CD-9EBA-D462AB9435F4}.Debug|Any CPU.Build.0 = Debug|Any CPU
		{B8D2BF09-592F-45CD-9EBA-D462AB9435F4}.Release|Any CPU.ActiveCfg = Release|Any CPU
		{B8D2BF09-592F-45CD-9EBA-D462AB9435F4}.Release|Any CPU.Build.0 = Release|Any CPU
		{2A0277AC-EBE7-46BF-B2FF-1741DF43A0D9}.Debug|Any CPU.ActiveCfg = Debug|Any CPU
		{2A0277AC-EBE7-46BF-B2FF-1741DF43A0D9}.Debug|Any CPU.Build.0 = Debug|Any CPU
		{2A0277AC-EBE7-46BF-B2FF-1741DF43A0D9}.Release|Any CPU.ActiveCfg = Release|Any CPU
		{2A0277AC-EBE7-46BF-B2FF-1741DF43A0D9}.Release|Any CPU.Build.0 = Release|Any CPU
		{5B87705E-14A1-45F8-9128-A5E5BC903BA0}.Debug|Any CPU.ActiveCfg = Debug|Any CPU
		{5B87705E-14A1-45F8-9128-A5E5BC903BA0}.Debug|Any CPU.Build.0 = Debug|Any CPU
		{5B87705E-14A1-45F8-9128-A5E5BC903BA0}.Release|Any CPU.ActiveCfg = Release|Any CPU
		{5B87705E-14A1-45F8-9128-A5E5BC903BA0}.Release|Any CPU.Build.0 = Release|Any CPU
	EndGlobalSection
	GlobalSection(SolutionProperties) = preSolution
		HideSolutionNode = FALSE
	EndGlobalSection
EndGlobal
